
Microsoft Visual Studio Solution File, Format Version 12.00
# Visual Studio Version 16
VisualStudioVersion = 16.0.31205.134
MinimumVisualStudioVersion = 10.0.40219.1
Project("{FAE04EC0-301F-11D3-BF4B-00C04F79EFBC}") = "Productivy1.0", "AsistenBelajar\Productivy1.0.csproj", "{54889AE3-E226-4110-BAE7-E50DF8F6969E}"
EndProject
Global
	GlobalSection(SolutionConfigurationPlatforms) = preSolution
		Debug|Any CPU = Debug|Any CPU
		Release|Any CPU = Release|Any CPU
	EndGlobalSection
	GlobalSection(ProjectConfigurationPlatforms) = postSolution
		{54889AE3-E226-4110-BAE7-E50DF8F6969E}.Debug|Any CPU.ActiveCfg = Debug|Any CPU
		{54889AE3-E226-4110-BAE7-E50DF8F6969E}.Debug|Any CPU.Build.0 = Debug|Any CPU
		{54889AE3-E226-4110-BAE7-E50DF8F6969E}.Release|Any CPU.ActiveCfg = Release|Any CPU
		{54889AE3-E226-4110-BAE7-E50DF8F6969E}.Release|Any CPU.Build.0 = Release|Any CPU
	EndGlobalSection
	GlobalSection(SolutionProperties) = preSolution
		HideSolutionNode = FALSE
	EndGlobalSection
	GlobalSection(ExtensibilityGlobals) = postSolution
		SolutionGuid = {4F0CB4DF-35C0-49BC-8BB7-1F2060532BCE}
	EndGlobalSection
EndGlobal
